
Microsoft Visual Studio Solution File, Format Version 12.00
# Visual Studio Version 18
VisualStudioVersion = 18.1.11304.174
MinimumVisualStudioVersion = 10.0.40219.1
Project("{FAE04EC0-301F-11D3-BF4B-00C04F79EFBC}") = "Beep.OilandGas.Models", "Beep.OilandGas.Models\Beep.OilandGas.Models.csproj", "{30E5806F-40F2-4963-ACF6-324E71A662D3}"
EndProject
Project("{FAE04EC0-301F-11D3-BF4B-00C04F79EFBC}") = "Beep.OilandGas.HeatMap", "Beep.OilandGas.HeatMap\Beep.OilandGas.HeatMap.csproj", "{4961837B-60DA-6B6F-4470-17EAF74B202A}"
EndProject
Project("{FAE04EC0-301F-11D3-BF4B-00C04F79EFBC}") = "Beep.OilandGas.Drawing", "Beep.OilandGas.Drawing\Beep.OilandGas.Drawing.csproj", "{5A9835CF-DF5D-1B80-2F76-EC208B60C3E0}"
EndProject
Project("{FAE04EC0-301F-11D3-BF4B-00C04F79EFBC}") = "Beep.OilandGas.PPDM39", "Beep.OilandGas.PPDM39\Beep.OilandGas.PPDM39.csproj", "{C5ABEBE5-4D40-7406-1F54-80DBA98EB023}"
EndProject
Project("{FAE04EC0-301F-11D3-BF4B-00C04F79EFBC}") = "Beep.OilandGas.PumpPerformance", "Beep.OilandGas.PumpPerformance\Beep.OilandGas.PumpPerformance.csproj", "{9AC8B09F-2929-B527-3284-C01F1D2BB9E0}"
EndProject
Project("{FAE04EC0-301F-11D3-BF4B-00C04F79EFBC}") = "Beep.OilandGas.WellTestAnalysis", "Beep.OilandGas.WellTestAnalysis\Beep.OilandGas.WellTestAnalysis.csproj", "{1BA779D0-6857-4661-83C3-CEE73C6FABCE}"
EndProject
Project("{FAE04EC0-301F-11D3-BF4B-00C04F79EFBC}") = "Beep.OilandGas.NodalAnalysis", "Beep.OilandGas.NodalAnalysis\Beep.OilandGas.NodalAnalysis.csproj", "{2E2E00B9-1D56-492A-A149-79634CB789CF}"
EndProject
Project("{FAE04EC0-301F-11D3-BF4B-00C04F79EFBC}") = "Beep.OilandGas.EconomicAnalysis", "Beep.OilandGas.EconomicAnalysis\Beep.OilandGas.EconomicAnalysis.csproj", "{3800BD57-8728-49F4-8DF3-C0AB53AD0A1C}"
EndProject
Project("{FAE04EC0-301F-11D3-BF4B-00C04F79EFBC}") = "Beep.OilandGas.Accounting", "Beep.OilandGas.Accounting\Beep.OilandGas.Accounting.csproj", "{9928F02C-03AF-4D15-A685-718DB75862AB}"
EndProject
Project("{FAE04EC0-301F-11D3-BF4B-00C04F79EFBC}") = "Beep.OilandGas.ProductionAccounting", "Beep.OilandGas.ProductionAccounting\Beep.OilandGas.ProductionAccounting.csproj", "{64F806B8-0B88-4D47-88D7-A0C77964A3F2}"
EndProject
Project("{FAE04EC0-301F-11D3-BF4B-00C04F79EFBC}") = "Beep.OilandGas.ProductionForecasting", "Beep.OilandGas.ProductionForecasting\Beep.OilandGas.ProductionForecasting.csproj", "{3D2EE0C6-7E6C-4DFF-ACE7-8DDF7219D79B}"
EndProject
Project("{FAE04EC0-301F-11D3-BF4B-00C04F79EFBC}") = "Beep.OilandGas.ChokeAnalysis", "Beep.OilandGas.ChokeAnalysis\Beep.OilandGas.ChokeAnalysis.csproj", "{1E6FDBC7-F369-44D6-92E6-F4C1E9486730}"
EndProject
Project("{FAE04EC0-301F-11D3-BF4B-00C04F79EFBC}") = "Beep.OilandGas.GasLift", "Beep.OilandGas.GasLift\Beep.OilandGas.GasLift.csproj", "{3FDD108B-F1A6-4911-8635-162BE0F4E991}"
EndProject
Project("{FAE04EC0-301F-11D3-BF4B-00C04F79EFBC}") = "Beep.OilandGas.SuckerRodPumping", "Beep.OilandGas.SuckerRodPumping\Beep.OilandGas.SuckerRodPumping.csproj", "{1A462E78-928B-43A4-B7C0-876B12CF24D9}"
EndProject
Project("{FAE04EC0-301F-11D3-BF4B-00C04F79EFBC}") = "Beep.OilandGas.PlungerLift", "Beep.OilandGas.PlungerLift\Beep.OilandGas.PlungerLift.csproj", "{0107749F-2D3F-4A53-AC4B-63BAC103B850}"
EndProject
Project("{FAE04EC0-301F-11D3-BF4B-00C04F79EFBC}") = "Beep.OilandGas.HydraulicPumps", "Beep.OilandGas.HydraulicPumps\Beep.OilandGas.HydraulicPumps.csproj", "{D0D84A1E-E6B1-47FD-A7A6-0021D9F7FF67}"
EndProject
Project("{FAE04EC0-301F-11D3-BF4B-00C04F79EFBC}") = "Beep.OilandGas.CompressorAnalysis", "Beep.OilandGas.CompressorAnalysis\Beep.OilandGas.CompressorAnalysis.csproj", "{8E0A2046-CE2D-4BFA-B67B-85DA5F12327B}"
EndProject
Project("{FAE04EC0-301F-11D3-BF4B-00C04F79EFBC}") = "Beep.OilandGas.PipelineAnalysis", "Beep.OilandGas.PipelineAnalysis\Beep.OilandGas.PipelineAnalysis.csproj", "{C4C0E302-DC23-4947-9540-4BC90E83078A}"
EndProject
Project("{FAE04EC0-301F-11D3-BF4B-00C04F79EFBC}") = "Beep.OilandGas.FlashCalculations", "Beep.OilandGas.FlashCalculations\Beep.OilandGas.FlashCalculations.csproj", "{14D36A29-DB06-4144-AE79-4C5300F006FD}"
EndProject
Project("{FAE04EC0-301F-11D3-BF4B-00C04F79EFBC}") = "Beep.OilandGas.OilProperties", "Beep.OilandGas.OilProperties\Beep.OilandGas.OilProperties.csproj", "{F498637F-B001-40DD-B413-09F591205F70}"
EndProject
Project("{FAE04EC0-301F-11D3-BF4B-00C04F79EFBC}") = "Beep.OilandGas.GasProperties", "Beep.OilandGas.GasProperties\Beep.OilandGas.GasProperties.csproj", "{82E93271-CC92-4BEB-AD98-1EB460D9349B}"
EndProject
Project("{FAE04EC0-301F-11D3-BF4B-00C04F79EFBC}") = "Beep.OilandGas.FieldManagement", "Beep.OilandGas.FieldManagement\Beep.OilandGas.FieldManagement.csproj", "{E5F2F2A7-6B1C-47CD-8350-5A04E5483E07}"
EndProject
Project("{FAE04EC0-301F-11D3-BF4B-00C04F79EFBC}") = "Beep.OilandGas.PermitsAndApplications", "Beep.OilandGas.PermitsAndApplications\Beep.OilandGas.PermitsAndApplications.csproj", "{0A03ADBF-1200-422B-ADBA-30435DC1EC0A}"
EndProject
Project("{FAE04EC0-301F-11D3-BF4B-00C04F79EFBC}") = "Beep.OilandGas.ProspectIdentification", "Beep.OilandGas.ProspectIdentification\Beep.OilandGas.ProspectIdentification.csproj", "{80F50D91-B007-45B1-8183-2305A0CA0A67}"
EndProject
Project("{FAE04EC0-301F-11D3-BF4B-00C04F79EFBC}") = "Beep.OilandGas.LeaseAcquisition", "Beep.OilandGas.LeaseAcquisition\Beep.OilandGas.LeaseAcquisition.csproj", "{F0D89BE3-FCD8-4BB1-9BA2-899AB3E79AF6}"
EndProject
Project("{FAE04EC0-301F-11D3-BF4B-00C04F79EFBC}") = "Beep.OilandGas.DevelopmentPlanning", "Beep.OilandGas.DevelopmentPlanning\Beep.OilandGas.DevelopmentPlanning.csproj", "{9DF3AB6F-32D8-4B42-A6F8-4240E1BB6D6B}"
EndProject
Project("{FAE04EC0-301F-11D3-BF4B-00C04F79EFBC}") = "Beep.OilandGas.DrillingAndConstruction", "Beep.OilandGas.DrillingAndConstruction\Beep.OilandGas.DrillingAndConstruction.csproj", "{16ABE384-57F1-4BD6-9DE9-8A23597D1455}"
EndProject
Project("{FAE04EC0-301F-11D3-BF4B-00C04F79EFBC}") = "Beep.OilandGas.ProductionOperations", "Beep.OilandGas.ProductionOperations\Beep.OilandGas.ProductionOperations.csproj", "{2BB91694-7001-4032-90C4-589DF802223C}"
EndProject
Project("{FAE04EC0-301F-11D3-BF4B-00C04F79EFBC}") = "Beep.OilandGas.EnhancedRecovery", "Beep.OilandGas.EnhancedRecovery\Beep.OilandGas.EnhancedRecovery.csproj", "{A79D80B2-676A-4BC3-BF60-7F99183F0526}"
EndProject
Project("{FAE04EC0-301F-11D3-BF4B-00C04F79EFBC}") = "Beep.OilandGas.Decommissioning", "Beep.OilandGas.Decommissioning\Beep.OilandGas.Decommissioning.csproj", "{BB171AE0-A9CE-47BE-9C97-E0742C208334}"
EndProject
Project("{FAE04EC0-301F-11D3-BF4B-00C04F79EFBC}") = "Beep.OilandGas.API", "Beep.OilandGas.API\Beep.OilandGas.API.csproj", "{D72D92D3-5E10-49C0-A7CF-94BAF2781EBF}"
EndProject
Project("{FAE04EC0-301F-11D3-BF4B-00C04F79EFBC}") = "Beep.OilandGas.Web", "Beep.OilandGas.Web\Beep.OilandGas.Web.csproj", "{083B9CD1-1333-4878-B34D-43730CB13110}"
EndProject
Project("{FAE04EC0-301F-11D3-BF4B-00C04F79EFBC}") = "Beep.OilandGas.PPDM39.DataManagement", "Beep.OilandGas.PPDM39.DataManagement\Beep.OilandGas.PPDM39.DataManagement.csproj", "{32417FC2-2E08-47D7-B4E8-C7CAB987218E}"
EndProject
Project("{FAE04EC0-301F-11D3-BF4B-00C04F79EFBC}") = "DataManagementEngine", "..\BeepDM\DataManagementEngineStandard\DataManagementEngine.csproj", "{AB6730DF-1AF1-4F1F-8CF2-490136637973}"
EndProject
Project("{FAE04EC0-301F-11D3-BF4B-00C04F79EFBC}") = "DataManagementModels", "..\BeepDM\DataManagementModelsStandard\DataManagementModels.csproj", "{6A41CD32-5353-4BE2-8927-C57C19A8CA8D}"
EndProject
Project("{FAE04EC0-301F-11D3-BF4B-00C04F79EFBC}") = "Beep.OilandGas.ApiService", "Beep.OilandGas.ApiService\Beep.OilandGas.ApiService.csproj", "{C2851F8C-2B72-492C-8F91-ED2AAF01C6B4}"
EndProject
Project("{FAE04EC0-301F-11D3-BF4B-00C04F79EFBC}") = "Beep.OilandGas.PPDM39.DataManagement.Tools", "Beep.OilandGas.PPDM39.DataManagement.Tools\Beep.OilandGas.PPDM39.DataManagement.Tools.csproj", "{5F5626A1-5190-4E08-A742-CE45E007E958}"
EndProject
Project("{FAE04EC0-301F-11D3-BF4B-00C04F79EFBC}") = "Beep.OilandGas.DCA", "Beep.OilandGas.DCA\Beep.OilandGas.DCA.csproj", "{52D72293-88E5-4199-9ADF-5882B254D8A5}"
EndProject
Project("{2150E333-8FDC-42A3-9474-1A3956D46DE8}") = "PPDM", "PPDM", "{8A0BDBC9-5330-4B4A-9B20-3E9441DB4F2D}"
EndProject
Project("{2150E333-8FDC-42A3-9474-1A3956D46DE8}") = "Calculations", "Calculations", "{16009B71-66CB-437D-BEC9-A71C5F66D057}"
EndProject
Project("{FAE04EC0-301F-11D3-BF4B-00C04F79EFBC}") = "Beep.OilandGas.PPDM.Models", "Beep.OilandGas.PPDM.Models\Beep.OilandGas.PPDM.Models.csproj", "{1C685D2F-A9F9-47B5-A50E-8A0AAD490E88}"
EndProject
Project("{2150E333-8FDC-42A3-9474-1A3956D46DE8}") = "Web", "Web", "{51C10D3E-1C4D-4F47-813D-B42516D3ACE4}"
EndProject
Project("{FAE04EC0-301F-11D3-BF4B-00C04F79EFBC}") = "WinFormsApp.UI.Test", "..\Beep.Winform.Sample\WinFormsApp.UI.Test\WinFormsApp.UI.Test.csproj", "{99DAAB86-6C27-F041-8DA3-09B014719B21}"
EndProject
Project("{FAE04EC0-301F-11D3-BF4B-00C04F79EFBC}") = "TheTechIdea.Beep.Container", "..\Beep.Containers\Beep.Container\TheTechIdea.Beep.Container.csproj", "{61CBEC16-D84E-C9E5-A107-64D27B92ED13}"
EndProject
Global
	GlobalSection(SolutionConfigurationPlatforms) = preSolution
		Debug|Any CPU = Debug|Any CPU
		Debug|x64 = Debug|x64
		Debug|x86 = Debug|x86
		Release|Any CPU = Release|Any CPU
		Release|x64 = Release|x64
		Release|x86 = Release|x86
	EndGlobalSection
	GlobalSection(ProjectConfigurationPlatforms) = postSolution
		{30E5806F-40F2-4963-ACF6-324E71A662D3}.Debug|Any CPU.ActiveCfg = Debug|Any CPU
		{30E5806F-40F2-4963-ACF6-324E71A662D3}.Debug|Any CPU.Build.0 = Debug|Any CPU
		{30E5806F-40F2-4963-ACF6-324E71A662D3}.Debug|x64.ActiveCfg = Debug|Any CPU
		{30E5806F-40F2-4963-ACF6-324E71A662D3}.Debug|x64.Build.0 = Debug|Any CPU
		{30E5806F-40F2-4963-ACF6-324E71A662D3}.Debug|x86.ActiveCfg = Debug|Any CPU
		{30E5806F-40F2-4963-ACF6-324E71A662D3}.Debug|x86.Build.0 = Debug|Any CPU
		{30E5806F-40F2-4963-ACF6-324E71A662D3}.Release|Any CPU.ActiveCfg = Release|Any CPU
		{30E5806F-40F2-4963-ACF6-324E71A662D3}.Release|Any CPU.Build.0 = Release|Any CPU
		{30E5806F-40F2-4963-ACF6-324E71A662D3}.Release|x64.ActiveCfg = Release|Any CPU
		{30E5806F-40F2-4963-ACF6-324E71A662D3}.Release|x64.Build.0 = Release|Any CPU
		{30E5806F-40F2-4963-ACF6-324E71A662D3}.Release|x86.ActiveCfg = Release|Any CPU
		{30E5806F-40F2-4963-ACF6-324E71A662D3}.Release|x86.Build.0 = Release|Any CPU
		{4961837B-60DA-6B6F-4470-17EAF74B202A}.Debug|Any CPU.ActiveCfg = Debug|Any CPU
		{4961837B-60DA-6B6F-4470-17EAF74B202A}.Debug|Any CPU.Build.0 = Debug|Any CPU
		{4961837B-60DA-6B6F-4470-17EAF74B202A}.Debug|x64.ActiveCfg = Debug|Any CPU
		{4961837B-60DA-6B6F-4470-17EAF74B202A}.Debug|x64.Build.0 = Debug|Any CPU
		{4961837B-60DA-6B6F-4470-17EAF74B202A}.Debug|x86.ActiveCfg = Debug|Any CPU
		{4961837B-60DA-6B6F-4470-17EAF74B202A}.Debug|x86.Build.0 = Debug|Any CPU
		{4961837B-60DA-6B6F-4470-17EAF74B202A}.Release|Any CPU.ActiveCfg = Release|Any CPU
		{4961837B-60DA-6B6F-4470-17EAF74B202A}.Release|Any CPU.Build.0 = Release|Any CPU
		{4961837B-60DA-6B6F-4470-17EAF74B202A}.Release|x64.ActiveCfg = Release|Any CPU
		{4961837B-60DA-6B6F-4470-17EAF74B202A}.Release|x64.Build.0 = Release|Any CPU
		{4961837B-60DA-6B6F-4470-17EAF74B202A}.Release|x86.ActiveCfg = Release|Any CPU
		{4961837B-60DA-6B6F-4470-17EAF74B202A}.Release|x86.Build.0 = Release|Any CPU
		{5A9835CF-DF5D-1B80-2F76-EC208B60C3E0}.Debug|Any CPU.ActiveCfg = Debug|Any CPU
		{5A9835CF-DF5D-1B80-2F76-EC208B60C3E0}.Debug|Any CPU.Build.0 = Debug|Any CPU
		{5A9835CF-DF5D-1B80-2F76-EC208B60C3E0}.Debug|x64.ActiveCfg = Debug|Any CPU
		{5A9835CF-DF5D-1B80-2F76-EC208B60C3E0}.Debug|x64.Build.0 = Debug|Any CPU
		{5A9835CF-DF5D-1B80-2F76-EC208B60C3E0}.Debug|x86.ActiveCfg = Debug|Any CPU
		{5A9835CF-DF5D-1B80-2F76-EC208B60C3E0}.Debug|x86.Build.0 = Debug|Any CPU
		{5A9835CF-DF5D-1B80-2F76-EC208B60C3E0}.Release|Any CPU.ActiveCfg = Release|Any CPU
		{5A9835CF-DF5D-1B80-2F76-EC208B60C3E0}.Release|Any CPU.Build.0 = Release|Any CPU
		{5A9835CF-DF5D-1B80-2F76-EC208B60C3E0}.Release|x64.ActiveCfg = Release|Any CPU
		{5A9835CF-DF5D-1B80-2F76-EC208B60C3E0}.Release|x64.Build.0 = Release|Any CPU
		{5A9835CF-DF5D-1B80-2F76-EC208B60C3E0}.Release|x86.ActiveCfg = Release|Any CPU
		{5A9835CF-DF5D-1B80-2F76-EC208B60C3E0}.Release|x86.Build.0 = Release|Any CPU
		{C5ABEBE5-4D40-7406-1F54-80DBA98EB023}.Debug|Any CPU.ActiveCfg = Debug|Any CPU
		{C5ABEBE5-4D40-7406-1F54-80DBA98EB023}.Debug|Any CPU.Build.0 = Debug|Any CPU
		{C5ABEBE5-4D40-7406-1F54-80DBA98EB023}.Debug|x64.ActiveCfg = Debug|Any CPU
		{C5ABEBE5-4D40-7406-1F54-80DBA98EB023}.Debug|x64.Build.0 = Debug|Any CPU
		{C5ABEBE5-4D40-7406-1F54-80DBA98EB023}.Debug|x86.ActiveCfg = Debug|Any CPU
		{C5ABEBE5-4D40-7406-1F54-80DBA98EB023}.Debug|x86.Build.0 = Debug|Any CPU
		{C5ABEBE5-4D40-7406-1F54-80DBA98EB023}.Release|Any CPU.ActiveCfg = Release|Any CPU
		{C5ABEBE5-4D40-7406-1F54-80DBA98EB023}.Release|Any CPU.Build.0 = Release|Any CPU
		{C5ABEBE5-4D40-7406-1F54-80DBA98EB023}.Release|x64.ActiveCfg = Release|Any CPU
		{C5ABEBE5-4D40-7406-1F54-80DBA98EB023}.Release|x64.Build.0 = Release|Any CPU
		{C5ABEBE5-4D40-7406-1F54-80DBA98EB023}.Release|x86.ActiveCfg = Release|Any CPU
		{C5ABEBE5-4D40-7406-1F54-80DBA98EB023}.Release|x86.Build.0 = Release|Any CPU
		{9AC8B09F-2929-B527-3284-C01F1D2BB9E0}.Debug|Any CPU.ActiveCfg = Debug|Any CPU
		{9AC8B09F-2929-B527-3284-C01F1D2BB9E0}.Debug|Any CPU.Build.0 = Debug|Any CPU
		{9AC8B09F-2929-B527-3284-C01F1D2BB9E0}.Debug|x64.ActiveCfg = Debug|Any CPU
		{9AC8B09F-2929-B527-3284-C01F1D2BB9E0}.Debug|x64.Build.0 = Debug|Any CPU
		{9AC8B09F-2929-B527-3284-C01F1D2BB9E0}.Debug|x86.ActiveCfg = Debug|Any CPU
		{9AC8B09F-2929-B527-3284-C01F1D2BB9E0}.Debug|x86.Build.0 = Debug|Any CPU
		{9AC8B09F-2929-B527-3284-C01F1D2BB9E0}.Release|Any CPU.ActiveCfg = Release|Any CPU
		{9AC8B09F-2929-B527-3284-C01F1D2BB9E0}.Release|Any CPU.Build.0 = Release|Any CPU
		{9AC8B09F-2929-B527-3284-C01F1D2BB9E0}.Release|x64.ActiveCfg = Release|Any CPU
		{9AC8B09F-2929-B527-3284-C01F1D2BB9E0}.Release|x64.Build.0 = Release|Any CPU
		{9AC8B09F-2929-B527-3284-C01F1D2BB9E0}.Release|x86.ActiveCfg = Release|Any CPU
		{9AC8B09F-2929-B527-3284-C01F1D2BB9E0}.Release|x86.Build.0 = Release|Any CPU
		{1BA779D0-6857-4661-83C3-CEE73C6FABCE}.Debug|Any CPU.ActiveCfg = Debug|Any CPU
		{1BA779D0-6857-4661-83C3-CEE73C6FABCE}.Debug|Any CPU.Build.0 = Debug|Any CPU
		{1BA779D0-6857-4661-83C3-CEE73C6FABCE}.Debug|x64.ActiveCfg = Debug|Any CPU
		{1BA779D0-6857-4661-83C3-CEE73C6FABCE}.Debug|x64.Build.0 = Debug|Any CPU
		{1BA779D0-6857-4661-83C3-CEE73C6FABCE}.Debug|x86.ActiveCfg = Debug|Any CPU
		{1BA779D0-6857-4661-83C3-CEE73C6FABCE}.Debug|x86.Build.0 = Debug|Any CPU
		{1BA779D0-6857-4661-83C3-CEE73C6FABCE}.Release|Any CPU.ActiveCfg = Release|Any CPU
		{1BA779D0-6857-4661-83C3-CEE73C6FABCE}.Release|Any CPU.Build.0 = Release|Any CPU
		{1BA779D0-6857-4661-83C3-CEE73C6FABCE}.Release|x64.ActiveCfg = Release|Any CPU
		{1BA779D0-6857-4661-83C3-CEE73C6FABCE}.Release|x64.Build.0 = Release|Any CPU
		{1BA779D0-6857-4661-83C3-CEE73C6FABCE}.Release|x86.ActiveCfg = Release|Any CPU
		{1BA779D0-6857-4661-83C3-CEE73C6FABCE}.Release|x86.Build.0 = Release|Any CPU
		{2E2E00B9-1D56-492A-A149-79634CB789CF}.Debug|Any CPU.ActiveCfg = Debug|Any CPU
		{2E2E00B9-1D56-492A-A149-79634CB789CF}.Debug|Any CPU.Build.0 = Debug|Any CPU
		{2E2E00B9-1D56-492A-A149-79634CB789CF}.Debug|x64.ActiveCfg = Debug|Any CPU
		{2E2E00B9-1D56-492A-A149-79634CB789CF}.Debug|x64.Build.0 = Debug|Any CPU
		{2E2E00B9-1D56-492A-A149-79634CB789CF}.Debug|x86.ActiveCfg = Debug|Any CPU
		{2E2E00B9-1D56-492A-A149-79634CB789CF}.Debug|x86.Build.0 = Debug|Any CPU
		{2E2E00B9-1D56-492A-A149-79634CB789CF}.Release|Any CPU.ActiveCfg = Release|Any CPU
		{2E2E00B9-1D56-492A-A149-79634CB789CF}.Release|Any CPU.Build.0 = Release|Any CPU
		{2E2E00B9-1D56-492A-A149-79634CB789CF}.Release|x64.ActiveCfg = Release|Any CPU
		{2E2E00B9-1D56-492A-A149-79634CB789CF}.Release|x64.Build.0 = Release|Any CPU
		{2E2E00B9-1D56-492A-A149-79634CB789CF}.Release|x86.ActiveCfg = Release|Any CPU
		{2E2E00B9-1D56-492A-A149-79634CB789CF}.Release|x86.Build.0 = Release|Any CPU
		{3800BD57-8728-49F4-8DF3-C0AB53AD0A1C}.Debug|Any CPU.ActiveCfg = Debug|Any CPU
		{3800BD57-8728-49F4-8DF3-C0AB53AD0A1C}.Debug|Any CPU.Build.0 = Debug|Any CPU
		{3800BD57-8728-49F4-8DF3-C0AB53AD0A1C}.Debug|x64.ActiveCfg = Debug|Any CPU
		{3800BD57-8728-49F4-8DF3-C0AB53AD0A1C}.Debug|x64.Build.0 = Debug|Any CPU
		{3800BD57-8728-49F4-8DF3-C0AB53AD0A1C}.Debug|x86.ActiveCfg = Debug|Any CPU
		{3800BD57-8728-49F4-8DF3-C0AB53AD0A1C}.Debug|x86.Build.0 = Debug|Any CPU
		{3800BD57-8728-49F4-8DF3-C0AB53AD0A1C}.Release|Any CPU.ActiveCfg = Release|Any CPU
		{3800BD57-8728-49F4-8DF3-C0AB53AD0A1C}.Release|Any CPU.Build.0 = Release|Any CPU
		{3800BD57-8728-49F4-8DF3-C0AB53AD0A1C}.Release|x64.ActiveCfg = Release|Any CPU
		{3800BD57-8728-49F4-8DF3-C0AB53AD0A1C}.Release|x64.Build.0 = Release|Any CPU
		{3800BD57-8728-49F4-8DF3-C0AB53AD0A1C}.Release|x86.ActiveCfg = Release|Any CPU
		{3800BD57-8728-49F4-8DF3-C0AB53AD0A1C}.Release|x86.Build.0 = Release|Any CPU
		{9928F02C-03AF-4D15-A685-718DB75862AB}.Debug|Any CPU.ActiveCfg = Debug|Any CPU
		{9928F02C-03AF-4D15-A685-718DB75862AB}.Debug|Any CPU.Build.0 = Debug|Any CPU
		{9928F02C-03AF-4D15-A685-718DB75862AB}.Debug|x64.ActiveCfg = Debug|Any CPU
		{9928F02C-03AF-4D15-A685-718DB75862AB}.Debug|x64.Build.0 = Debug|Any CPU
		{9928F02C-03AF-4D15-A685-718DB75862AB}.Debug|x86.ActiveCfg = Debug|Any CPU
		{9928F02C-03AF-4D15-A685-718DB75862AB}.Debug|x86.Build.0 = Debug|Any CPU
		{9928F02C-03AF-4D15-A685-718DB75862AB}.Release|Any CPU.ActiveCfg = Release|Any CPU
		{9928F02C-03AF-4D15-A685-718DB75862AB}.Release|Any CPU.Build.0 = Release|Any CPU
		{9928F02C-03AF-4D15-A685-718DB75862AB}.Release|x64.ActiveCfg = Release|Any CPU
		{9928F02C-03AF-4D15-A685-718DB75862AB}.Release|x64.Build.0 = Release|Any CPU
		{9928F02C-03AF-4D15-A685-718DB75862AB}.Release|x86.ActiveCfg = Release|Any CPU
		{9928F02C-03AF-4D15-A685-718DB75862AB}.Release|x86.Build.0 = Release|Any CPU
		{64F806B8-0B88-4D47-88D7-A0C77964A3F2}.Debug|Any CPU.ActiveCfg = Debug|Any CPU
		{64F806B8-0B88-4D47-88D7-A0C77964A3F2}.Debug|Any CPU.Build.0 = Debug|Any CPU
		{64F806B8-0B88-4D47-88D7-A0C77964A3F2}.Debug|x64.ActiveCfg = Debug|Any CPU
		{64F806B8-0B88-4D47-88D7-A0C77964A3F2}.Debug|x64.Build.0 = Debug|Any CPU
		{64F806B8-0B88-4D47-88D7-A0C77964A3F2}.Debug|x86.ActiveCfg = Debug|Any CPU
		{64F806B8-0B88-4D47-88D7-A0C77964A3F2}.Debug|x86.Build.0 = Debug|Any CPU
		{64F806B8-0B88-4D47-88D7-A0C77964A3F2}.Release|Any CPU.ActiveCfg = Release|Any CPU
		{64F806B8-0B88-4D47-88D7-A0C77964A3F2}.Release|Any CPU.Build.0 = Release|Any CPU
		{64F806B8-0B88-4D47-88D7-A0C77964A3F2}.Release|x64.ActiveCfg = Release|Any CPU
		{64F806B8-0B88-4D47-88D7-A0C77964A3F2}.Release|x64.Build.0 = Release|Any CPU
		{64F806B8-0B88-4D47-88D7-A0C77964A3F2}.Release|x86.ActiveCfg = Release|Any CPU
		{64F806B8-0B88-4D47-88D7-A0C77964A3F2}.Release|x86.Build.0 = Release|Any CPU
		{3D2EE0C6-7E6C-4DFF-ACE7-8DDF7219D79B}.Debug|Any CPU.ActiveCfg = Debug|Any CPU
		{3D2EE0C6-7E6C-4DFF-ACE7-8DDF7219D79B}.Debug|Any CPU.Build.0 = Debug|Any CPU
		{3D2EE0C6-7E6C-4DFF-ACE7-8DDF7219D79B}.Debug|x64.ActiveCfg = Debug|Any CPU
		{3D2EE0C6-7E6C-4DFF-ACE7-8DDF7219D79B}.Debug|x64.Build.0 = Debug|Any CPU
		{3D2EE0C6-7E6C-4DFF-ACE7-8DDF7219D79B}.Debug|x86.ActiveCfg = Debug|Any CPU
		{3D2EE0C6-7E6C-4DFF-ACE7-8DDF7219D79B}.Debug|x86.Build.0 = Debug|Any CPU
		{3D2EE0C6-7E6C-4DFF-ACE7-8DDF7219D79B}.Release|Any CPU.ActiveCfg = Release|Any CPU
		{3D2EE0C6-7E6C-4DFF-ACE7-8DDF7219D79B}.Release|Any CPU.Build.0 = Release|Any CPU
		{3D2EE0C6-7E6C-4DFF-ACE7-8DDF7219D79B}.Release|x64.ActiveCfg = Release|Any CPU
		{3D2EE0C6-7E6C-4DFF-ACE7-8DDF7219D79B}.Release|x64.Build.0 = Release|Any CPU
		{3D2EE0C6-7E6C-4DFF-ACE7-8DDF7219D79B}.Release|x86.ActiveCfg = Release|Any CPU
		{3D2EE0C6-7E6C-4DFF-ACE7-8DDF7219D79B}.Release|x86.Build.0 = Release|Any CPU
		{1E6FDBC7-F369-44D6-92E6-F4C1E9486730}.Debug|Any CPU.ActiveCfg = Debug|Any CPU
		{1E6FDBC7-F369-44D6-92E6-F4C1E9486730}.Debug|Any CPU.Build.0 = Debug|Any CPU
		{1E6FDBC7-F369-44D6-92E6-F4C1E9486730}.Debug|x64.ActiveCfg = Debug|Any CPU
		{1E6FDBC7-F369-44D6-92E6-F4C1E9486730}.Debug|x64.Build.0 = Debug|Any CPU
		{1E6FDBC7-F369-44D6-92E6-F4C1E9486730}.Debug|x86.ActiveCfg = Debug|Any CPU
		{1E6FDBC7-F369-44D6-92E6-F4C1E9486730}.Debug|x86.Build.0 = Debug|Any CPU
		{1E6FDBC7-F369-44D6-92E6-F4C1E9486730}.Release|Any CPU.ActiveCfg = Release|Any CPU
		{1E6FDBC7-F369-44D6-92E6-F4C1E9486730}.Release|Any CPU.Build.0 = Release|Any CPU
		{1E6FDBC7-F369-44D6-92E6-F4C1E9486730}.Release|x64.ActiveCfg = Release|Any CPU
		{1E6FDBC7-F369-44D6-92E6-F4C1E9486730}.Release|x64.Build.0 = Release|Any CPU
		{1E6FDBC7-F369-44D6-92E6-F4C1E9486730}.Release|x86.ActiveCfg = Release|Any CPU
		{1E6FDBC7-F369-44D6-92E6-F4C1E9486730}.Release|x86.Build.0 = Release|Any CPU
		{3FDD108B-F1A6-4911-8635-162BE0F4E991}.Debug|Any CPU.ActiveCfg = Debug|Any CPU
		{3FDD108B-F1A6-4911-8635-162BE0F4E991}.Debug|Any CPU.Build.0 = Debug|Any CPU
		{3FDD108B-F1A6-4911-8635-162BE0F4E991}.Debug|x64.ActiveCfg = Debug|Any CPU
		{3FDD108B-F1A6-4911-8635-162BE0F4E991}.Debug|x64.Build.0 = Debug|Any CPU
		{3FDD108B-F1A6-4911-8635-162BE0F4E991}.Debug|x86.ActiveCfg = Debug|Any CPU
		{3FDD108B-F1A6-4911-8635-162BE0F4E991}.Debug|x86.Build.0 = Debug|Any CPU
		{3FDD108B-F1A6-4911-8635-162BE0F4E991}.Release|Any CPU.ActiveCfg = Release|Any CPU
		{3FDD108B-F1A6-4911-8635-162BE0F4E991}.Release|Any CPU.Build.0 = Release|Any CPU
		{3FDD108B-F1A6-4911-8635-162BE0F4E991}.Release|x64.ActiveCfg = Release|Any CPU
		{3FDD108B-F1A6-4911-8635-162BE0F4E991}.Release|x64.Build.0 = Release|Any CPU
		{3FDD108B-F1A6-4911-8635-162BE0F4E991}.Release|x86.ActiveCfg = Release|Any CPU
		{3FDD108B-F1A6-4911-8635-162BE0F4E991}.Release|x86.Build.0 = Release|Any CPU
		{1A462E78-928B-43A4-B7C0-876B12CF24D9}.Debug|Any CPU.ActiveCfg = Debug|Any CPU
		{1A462E78-928B-43A4-B7C0-876B12CF24D9}.Debug|Any CPU.Build.0 = Debug|Any CPU
		{1A462E78-928B-43A4-B7C0-876B12CF24D9}.Debug|x64.ActiveCfg = Debug|Any CPU
		{1A462E78-928B-43A4-B7C0-876B12CF24D9}.Debug|x64.Build.0 = Debug|Any CPU
		{1A462E78-928B-43A4-B7C0-876B12CF24D9}.Debug|x86.ActiveCfg = Debug|Any CPU
		{1A462E78-928B-43A4-B7C0-876B12CF24D9}.Debug|x86.Build.0 = Debug|Any CPU
		{1A462E78-928B-43A4-B7C0-876B12CF24D9}.Release|Any CPU.ActiveCfg = Release|Any CPU
		{1A462E78-928B-43A4-B7C0-876B12CF24D9}.Release|Any CPU.Build.0 = Release|Any CPU
		{1A462E78-928B-43A4-B7C0-876B12CF24D9}.Release|x64.ActiveCfg = Release|Any CPU
		{1A462E78-928B-43A4-B7C0-876B12CF24D9}.Release|x64.Build.0 = Release|Any CPU
		{1A462E78-928B-43A4-B7C0-876B12CF24D9}.Release|x86.ActiveCfg = Release|Any CPU
		{1A462E78-928B-43A4-B7C0-876B12CF24D9}.Release|x86.Build.0 = Release|Any CPU
		{0107749F-2D3F-4A53-AC4B-63BAC103B850}.Debug|Any CPU.ActiveCfg = Debug|Any CPU
		{0107749F-2D3F-4A53-AC4B-63BAC103B850}.Debug|Any CPU.Build.0 = Debug|Any CPU
		{0107749F-2D3F-4A53-AC4B-63BAC103B850}.Debug|x64.ActiveCfg = Debug|Any CPU
		{0107749F-2D3F-4A53-AC4B-63BAC103B850}.Debug|x64.Build.0 = Debug|Any CPU
		{0107749F-2D3F-4A53-AC4B-63BAC103B850}.Debug|x86.ActiveCfg = Debug|Any CPU
		{0107749F-2D3F-4A53-AC4B-63BAC103B850}.Debug|x86.Build.0 = Debug|Any CPU
		{0107749F-2D3F-4A53-AC4B-63BAC103B850}.Release|Any CPU.ActiveCfg = Release|Any CPU
		{0107749F-2D3F-4A53-AC4B-63BAC103B850}.Release|Any CPU.Build.0 = Release|Any CPU
		{0107749F-2D3F-4A53-AC4B-63BAC103B850}.Release|x64.ActiveCfg = Release|Any CPU
		{0107749F-2D3F-4A53-AC4B-63BAC103B850}.Release|x64.Build.0 = Release|Any CPU
		{0107749F-2D3F-4A53-AC4B-63BAC103B850}.Release|x86.ActiveCfg = Release|Any CPU
		{0107749F-2D3F-4A53-AC4B-63BAC103B850}.Release|x86.Build.0 = Release|Any CPU
		{D0D84A1E-E6B1-47FD-A7A6-0021D9F7FF67}.Debug|Any CPU.ActiveCfg = Debug|Any CPU
		{D0D84A1E-E6B1-47FD-A7A6-0021D9F7FF67}.Debug|Any CPU.Build.0 = Debug|Any CPU
		{D0D84A1E-E6B1-47FD-A7A6-0021D9F7FF67}.Debug|x64.ActiveCfg = Debug|Any CPU
		{D0D84A1E-E6B1-47FD-A7A6-0021D9F7FF67}.Debug|x64.Build.0 = Debug|Any CPU
		{D0D84A1E-E6B1-47FD-A7A6-0021D9F7FF67}.Debug|x86.ActiveCfg = Debug|Any CPU
		{D0D84A1E-E6B1-47FD-A7A6-0021D9F7FF67}.Debug|x86.Build.0 = Debug|Any CPU
		{D0D84A1E-E6B1-47FD-A7A6-0021D9F7FF67}.Release|Any CPU.ActiveCfg = Release|Any CPU
		{D0D84A1E-E6B1-47FD-A7A6-0021D9F7FF67}.Release|Any CPU.Build.0 = Release|Any CPU
		{D0D84A1E-E6B1-47FD-A7A6-0021D9F7FF67}.Release|x64.ActiveCfg = Release|Any CPU
		{D0D84A1E-E6B1-47FD-A7A6-0021D9F7FF67}.Release|x64.Build.0 = Release|Any CPU
		{D0D84A1E-E6B1-47FD-A7A6-0021D9F7FF67}.Release|x86.ActiveCfg = Release|Any CPU
		{D0D84A1E-E6B1-47FD-A7A6-0021D9F7FF67}.Release|x86.Build.0 = Release|Any CPU
		{8E0A2046-CE2D-4BFA-B67B-85DA5F12327B}.Debug|Any CPU.ActiveCfg = Debug|Any CPU
		{8E0A2046-CE2D-4BFA-B67B-85DA5F12327B}.Debug|Any CPU.Build.0 = Debug|Any CPU
		{8E0A2046-CE2D-4BFA-B67B-85DA5F12327B}.Debug|x64.ActiveCfg = Debug|Any CPU
		{8E0A2046-CE2D-4BFA-B67B-85DA5F12327B}.Debug|x64.Build.0 = Debug|Any CPU
		{8E0A2046-CE2D-4BFA-B67B-85DA5F12327B}.Debug|x86.ActiveCfg = Debug|Any CPU
		{8E0A2046-CE2D-4BFA-B67B-85DA5F12327B}.Debug|x86.Build.0 = Debug|Any CPU
		{8E0A2046-CE2D-4BFA-B67B-85DA5F12327B}.Release|Any CPU.ActiveCfg = Release|Any CPU
		{8E0A2046-CE2D-4BFA-B67B-85DA5F12327B}.Release|Any CPU.Build.0 = Release|Any CPU
		{8E0A2046-CE2D-4BFA-B67B-85DA5F12327B}.Release|x64.ActiveCfg = Release|Any CPU
		{8E0A2046-CE2D-4BFA-B67B-85DA5F12327B}.Release|x64.Build.0 = Release|Any CPU
		{8E0A2046-CE2D-4BFA-B67B-85DA5F12327B}.Release|x86.ActiveCfg = Release|Any CPU
		{8E0A2046-CE2D-4BFA-B67B-85DA5F12327B}.Release|x86.Build.0 = Release|Any CPU
		{C4C0E302-DC23-4947-9540-4BC90E83078A}.Debug|Any CPU.ActiveCfg = Debug|Any CPU
		{C4C0E302-DC23-4947-9540-4BC90E83078A}.Debug|Any CPU.Build.0 = Debug|Any CPU
		{C4C0E302-DC23-4947-9540-4BC90E83078A}.Debug|x64.ActiveCfg = Debug|Any CPU
		{C4C0E302-DC23-4947-9540-4BC90E83078A}.Debug|x64.Build.0 = Debug|Any CPU
		{C4C0E302-DC23-4947-9540-4BC90E83078A}.Debug|x86.ActiveCfg = Debug|Any CPU
		{C4C0E302-DC23-4947-9540-4BC90E83078A}.Debug|x86.Build.0 = Debug|Any CPU
		{C4C0E302-DC23-4947-9540-4BC90E83078A}.Release|Any CPU.ActiveCfg = Release|Any CPU
		{C4C0E302-DC23-4947-9540-4BC90E83078A}.Release|Any CPU.Build.0 = Release|Any CPU
		{C4C0E302-DC23-4947-9540-4BC90E83078A}.Release|x64.ActiveCfg = Release|Any CPU
		{C4C0E302-DC23-4947-9540-4BC90E83078A}.Release|x64.Build.0 = Release|Any CPU
		{C4C0E302-DC23-4947-9540-4BC90E83078A}.Release|x86.ActiveCfg = Release|Any CPU
		{C4C0E302-DC23-4947-9540-4BC90E83078A}.Release|x86.Build.0 = Release|Any CPU
		{14D36A29-DB06-4144-AE79-4C5300F006FD}.Debug|Any CPU.ActiveCfg = Debug|Any CPU
		{14D36A29-DB06-4144-AE79-4C5300F006FD}.Debug|Any CPU.Build.0 = Debug|Any CPU
		{14D36A29-DB06-4144-AE79-4C5300F006FD}.Debug|x64.ActiveCfg = Debug|Any CPU
		{14D36A29-DB06-4144-AE79-4C5300F006FD}.Debug|x64.Build.0 = Debug|Any CPU
		{14D36A29-DB06-4144-AE79-4C5300F006FD}.Debug|x86.ActiveCfg = Debug|Any CPU
		{14D36A29-DB06-4144-AE79-4C5300F006FD}.Debug|x86.Build.0 = Debug|Any CPU
		{14D36A29-DB06-4144-AE79-4C5300F006FD}.Release|Any CPU.ActiveCfg = Release|Any CPU
		{14D36A29-DB06-4144-AE79-4C5300F006FD}.Release|Any CPU.Build.0 = Release|Any CPU
		{14D36A29-DB06-4144-AE79-4C5300F006FD}.Release|x64.ActiveCfg = Release|Any CPU
		{14D36A29-DB06-4144-AE79-4C5300F006FD}.Release|x64.Build.0 = Release|Any CPU
		{14D36A29-DB06-4144-AE79-4C5300F006FD}.Release|x86.ActiveCfg = Release|Any CPU
		{14D36A29-DB06-4144-AE79-4C5300F006FD}.Release|x86.Build.0 = Release|Any CPU
		{F498637F-B001-40DD-B413-09F591205F70}.Debug|Any CPU.ActiveCfg = Debug|Any CPU
		{F498637F-B001-40DD-B413-09F591205F70}.Debug|Any CPU.Build.0 = Debug|Any CPU
		{F498637F-B001-40DD-B413-09F591205F70}.Debug|x64.ActiveCfg = Debug|Any CPU
		{F498637F-B001-40DD-B413-09F591205F70}.Debug|x64.Build.0 = Debug|Any CPU
		{F498637F-B001-40DD-B413-09F591205F70}.Debug|x86.ActiveCfg = Debug|Any CPU
		{F498637F-B001-40DD-B413-09F591205F70}.Debug|x86.Build.0 = Debug|Any CPU
		{F498637F-B001-40DD-B413-09F591205F70}.Release|Any CPU.ActiveCfg = Release|Any CPU
		{F498637F-B001-40DD-B413-09F591205F70}.Release|Any CPU.Build.0 = Release|Any CPU
		{F498637F-B001-40DD-B413-09F591205F70}.Release|x64.ActiveCfg = Release|Any CPU
		{F498637F-B001-40DD-B413-09F591205F70}.Release|x64.Build.0 = Release|Any CPU
		{F498637F-B001-40DD-B413-09F591205F70}.Release|x86.ActiveCfg = Release|Any CPU
		{F498637F-B001-40DD-B413-09F591205F70}.Release|x86.Build.0 = Release|Any CPU
		{82E93271-CC92-4BEB-AD98-1EB460D9349B}.Debug|Any CPU.ActiveCfg = Debug|Any CPU
		{82E93271-CC92-4BEB-AD98-1EB460D9349B}.Debug|Any CPU.Build.0 = Debug|Any CPU
		{82E93271-CC92-4BEB-AD98-1EB460D9349B}.Debug|x64.ActiveCfg = Debug|Any CPU
		{82E93271-CC92-4BEB-AD98-1EB460D9349B}.Debug|x64.Build.0 = Debug|Any CPU
		{82E93271-CC92-4BEB-AD98-1EB460D9349B}.Debug|x86.ActiveCfg = Debug|Any CPU
		{82E93271-CC92-4BEB-AD98-1EB460D9349B}.Debug|x86.Build.0 = Debug|Any CPU
		{82E93271-CC92-4BEB-AD98-1EB460D9349B}.Release|Any CPU.ActiveCfg = Release|Any CPU
		{82E93271-CC92-4BEB-AD98-1EB460D9349B}.Release|Any CPU.Build.0 = Release|Any CPU
		{82E93271-CC92-4BEB-AD98-1EB460D9349B}.Release|x64.ActiveCfg = Release|Any CPU
		{82E93271-CC92-4BEB-AD98-1EB460D9349B}.Release|x64.Build.0 = Release|Any CPU
		{82E93271-CC92-4BEB-AD98-1EB460D9349B}.Release|x86.ActiveCfg = Release|Any CPU
		{82E93271-CC92-4BEB-AD98-1EB460D9349B}.Release|x86.Build.0 = Release|Any CPU
		{E5F2F2A7-6B1C-47CD-8350-5A04E5483E07}.Debug|Any CPU.ActiveCfg = Debug|Any CPU
		{E5F2F2A7-6B1C-47CD-8350-5A04E5483E07}.Debug|Any CPU.Build.0 = Debug|Any CPU
		{E5F2F2A7-6B1C-47CD-8350-5A04E5483E07}.Debug|x64.ActiveCfg = Debug|Any CPU
		{E5F2F2A7-6B1C-47CD-8350-5A04E5483E07}.Debug|x64.Build.0 = Debug|Any CPU
		{E5F2F2A7-6B1C-47CD-8350-5A04E5483E07}.Debug|x86.ActiveCfg = Debug|Any CPU
		{E5F2F2A7-6B1C-47CD-8350-5A04E5483E07}.Debug|x86.Build.0 = Debug|Any CPU
		{E5F2F2A7-6B1C-47CD-8350-5A04E5483E07}.Release|Any CPU.ActiveCfg = Release|Any CPU
		{E5F2F2A7-6B1C-47CD-8350-5A04E5483E07}.Release|Any CPU.Build.0 = Release|Any CPU
		{E5F2F2A7-6B1C-47CD-8350-5A04E5483E07}.Release|x64.ActiveCfg = Release|Any CPU
		{E5F2F2A7-6B1C-47CD-8350-5A04E5483E07}.Release|x64.Build.0 = Release|Any CPU
		{E5F2F2A7-6B1C-47CD-8350-5A04E5483E07}.Release|x86.ActiveCfg = Release|Any CPU
		{E5F2F2A7-6B1C-47CD-8350-5A04E5483E07}.Release|x86.Build.0 = Release|Any CPU
		{0A03ADBF-1200-422B-ADBA-30435DC1EC0A}.Debug|Any CPU.ActiveCfg = Debug|Any CPU
		{0A03ADBF-1200-422B-ADBA-30435DC1EC0A}.Debug|Any CPU.Build.0 = Debug|Any CPU
		{0A03ADBF-1200-422B-ADBA-30435DC1EC0A}.Debug|x64.ActiveCfg = Debug|Any CPU
		{0A03ADBF-1200-422B-ADBA-30435DC1EC0A}.Debug|x64.Build.0 = Debug|Any CPU
		{0A03ADBF-1200-422B-ADBA-30435DC1EC0A}.Debug|x86.ActiveCfg = Debug|Any CPU
		{0A03ADBF-1200-422B-ADBA-30435DC1EC0A}.Debug|x86.Build.0 = Debug|Any CPU
		{0A03ADBF-1200-422B-ADBA-30435DC1EC0A}.Release|Any CPU.ActiveCfg = Release|Any CPU
		{0A03ADBF-1200-422B-ADBA-30435DC1EC0A}.Release|Any CPU.Build.0 = Release|Any CPU
		{0A03ADBF-1200-422B-ADBA-30435DC1EC0A}.Release|x64.ActiveCfg = Release|Any CPU
		{0A03ADBF-1200-422B-ADBA-30435DC1EC0A}.Release|x64.Build.0 = Release|Any CPU
		{0A03ADBF-1200-422B-ADBA-30435DC1EC0A}.Release|x86.ActiveCfg = Release|Any CPU
		{0A03ADBF-1200-422B-ADBA-30435DC1EC0A}.Release|x86.Build.0 = Release|Any CPU
		{80F50D91-B007-45B1-8183-2305A0CA0A67}.Debug|Any CPU.ActiveCfg = Debug|Any CPU
		{80F50D91-B007-45B1-8183-2305A0CA0A67}.Debug|Any CPU.Build.0 = Debug|Any CPU
		{80F50D91-B007-45B1-8183-2305A0CA0A67}.Debug|x64.ActiveCfg = Debug|Any CPU
		{80F50D91-B007-45B1-8183-2305A0CA0A67}.Debug|x64.Build.0 = Debug|Any CPU
		{80F50D91-B007-45B1-8183-2305A0CA0A67}.Debug|x86.ActiveCfg = Debug|Any CPU
		{80F50D91-B007-45B1-8183-2305A0CA0A67}.Debug|x86.Build.0 = Debug|Any CPU
		{80F50D91-B007-45B1-8183-2305A0CA0A67}.Release|Any CPU.ActiveCfg = Release|Any CPU
		{80F50D91-B007-45B1-8183-2305A0CA0A67}.Release|Any CPU.Build.0 = Release|Any CPU
		{80F50D91-B007-45B1-8183-2305A0CA0A67}.Release|x64.ActiveCfg = Release|Any CPU
		{80F50D91-B007-45B1-8183-2305A0CA0A67}.Release|x64.Build.0 = Release|Any CPU
		{80F50D91-B007-45B1-8183-2305A0CA0A67}.Release|x86.ActiveCfg = Release|Any CPU
		{80F50D91-B007-45B1-8183-2305A0CA0A67}.Release|x86.Build.0 = Release|Any CPU
		{F0D89BE3-FCD8-4BB1-9BA2-899AB3E79AF6}.Debug|Any CPU.ActiveCfg = Debug|Any CPU
		{F0D89BE3-FCD8-4BB1-9BA2-899AB3E79AF6}.Debug|Any CPU.Build.0 = Debug|Any CPU
		{F0D89BE3-FCD8-4BB1-9BA2-899AB3E79AF6}.Debug|x64.ActiveCfg = Debug|Any CPU
		{F0D89BE3-FCD8-4BB1-9BA2-899AB3E79AF6}.Debug|x64.Build.0 = Debug|Any CPU
		{F0D89BE3-FCD8-4BB1-9BA2-899AB3E79AF6}.Debug|x86.ActiveCfg = Debug|Any CPU
		{F0D89BE3-FCD8-4BB1-9BA2-899AB3E79AF6}.Debug|x86.Build.0 = Debug|Any CPU
		{F0D89BE3-FCD8-4BB1-9BA2-899AB3E79AF6}.Release|Any CPU.ActiveCfg = Release|Any CPU
		{F0D89BE3-FCD8-4BB1-9BA2-899AB3E79AF6}.Release|Any CPU.Build.0 = Release|Any CPU
		{F0D89BE3-FCD8-4BB1-9BA2-899AB3E79AF6}.Release|x64.ActiveCfg = Release|Any CPU
		{F0D89BE3-FCD8-4BB1-9BA2-899AB3E79AF6}.Release|x64.Build.0 = Release|Any CPU
		{F0D89BE3-FCD8-4BB1-9BA2-899AB3E79AF6}.Release|x86.ActiveCfg = Release|Any CPU
		{F0D89BE3-FCD8-4BB1-9BA2-899AB3E79AF6}.Release|x86.Build.0 = Release|Any CPU
		{9DF3AB6F-32D8-4B42-A6F8-4240E1BB6D6B}.Debug|Any CPU.ActiveCfg = Debug|Any CPU
		{9DF3AB6F-32D8-4B42-A6F8-4240E1BB6D6B}.Debug|Any CPU.Build.0 = Debug|Any CPU
		{9DF3AB6F-32D8-4B42-A6F8-4240E1BB6D6B}.Debug|x64.ActiveCfg = Debug|Any CPU
		{9DF3AB6F-32D8-4B42-A6F8-4240E1BB6D6B}.Debug|x64.Build.0 = Debug|Any CPU
		{9DF3AB6F-32D8-4B42-A6F8-4240E1BB6D6B}.Debug|x86.ActiveCfg = Debug|Any CPU
		{9DF3AB6F-32D8-4B42-A6F8-4240E1BB6D6B}.Debug|x86.Build.0 = Debug|Any CPU
		{9DF3AB6F-32D8-4B42-A6F8-4240E1BB6D6B}.Release|Any CPU.ActiveCfg = Release|Any CPU
		{9DF3AB6F-32D8-4B42-A6F8-4240E1BB6D6B}.Release|Any CPU.Build.0 = Release|Any CPU
		{9DF3AB6F-32D8-4B42-A6F8-4240E1BB6D6B}.Release|x64.ActiveCfg = Release|Any CPU
		{9DF3AB6F-32D8-4B42-A6F8-4240E1BB6D6B}.Release|x64.Build.0 = Release|Any CPU
		{9DF3AB6F-32D8-4B42-A6F8-4240E1BB6D6B}.Release|x86.ActiveCfg = Release|Any CPU
		{9DF3AB6F-32D8-4B42-A6F8-4240E1BB6D6B}.Release|x86.Build.0 = Release|Any CPU
		{16ABE384-57F1-4BD6-9DE9-8A23597D1455}.Debug|Any CPU.ActiveCfg = Debug|Any CPU
		{16ABE384-57F1-4BD6-9DE9-8A23597D1455}.Debug|Any CPU.Build.0 = Debug|Any CPU
		{16ABE384-57F1-4BD6-9DE9-8A23597D1455}.Debug|x64.ActiveCfg = Debug|Any CPU
		{16ABE384-57F1-4BD6-9DE9-8A23597D1455}.Debug|x64.Build.0 = Debug|Any CPU
		{16ABE384-57F1-4BD6-9DE9-8A23597D1455}.Debug|x86.ActiveCfg = Debug|Any CPU
		{16ABE384-57F1-4BD6-9DE9-8A23597D1455}.Debug|x86.Build.0 = Debug|Any CPU
		{16ABE384-57F1-4BD6-9DE9-8A23597D1455}.Release|Any CPU.ActiveCfg = Release|Any CPU
		{16ABE384-57F1-4BD6-9DE9-8A23597D1455}.Release|Any CPU.Build.0 = Release|Any CPU
		{16ABE384-57F1-4BD6-9DE9-8A23597D1455}.Release|x64.ActiveCfg = Release|Any CPU
		{16ABE384-57F1-4BD6-9DE9-8A23597D1455}.Release|x64.Build.0 = Release|Any CPU
		{16ABE384-57F1-4BD6-9DE9-8A23597D1455}.Release|x86.ActiveCfg = Release|Any CPU
		{16ABE384-57F1-4BD6-9DE9-8A23597D1455}.Release|x86.Build.0 = Release|Any CPU
		{2BB91694-7001-4032-90C4-589DF802223C}.Debug|Any CPU.ActiveCfg = Debug|Any CPU
		{2BB91694-7001-4032-90C4-589DF802223C}.Debug|Any CPU.Build.0 = Debug|Any CPU
		{2BB91694-7001-4032-90C4-589DF802223C}.Debug|x64.ActiveCfg = Debug|Any CPU
		{2BB91694-7001-4032-90C4-589DF802223C}.Debug|x64.Build.0 = Debug|Any CPU
		{2BB91694-7001-4032-90C4-589DF802223C}.Debug|x86.ActiveCfg = Debug|Any CPU
		{2BB91694-7001-4032-90C4-589DF802223C}.Debug|x86.Build.0 = Debug|Any CPU
		{2BB91694-7001-4032-90C4-589DF802223C}.Release|Any CPU.ActiveCfg = Release|Any CPU
		{2BB91694-7001-4032-90C4-589DF802223C}.Release|Any CPU.Build.0 = Release|Any CPU
		{2BB91694-7001-4032-90C4-589DF802223C}.Release|x64.ActiveCfg = Release|Any CPU
		{2BB91694-7001-4032-90C4-589DF802223C}.Release|x64.Build.0 = Release|Any CPU
		{2BB91694-7001-4032-90C4-589DF802223C}.Release|x86.ActiveCfg = Release|Any CPU
		{2BB91694-7001-4032-90C4-589DF802223C}.Release|x86.Build.0 = Release|Any CPU
		{A79D80B2-676A-4BC3-BF60-7F99183F0526}.Debug|Any CPU.ActiveCfg = Debug|Any CPU
		{A79D80B2-676A-4BC3-BF60-7F99183F0526}.Debug|Any CPU.Build.0 = Debug|Any CPU
		{A79D80B2-676A-4BC3-BF60-7F99183F0526}.Debug|x64.ActiveCfg = Debug|Any CPU
		{A79D80B2-676A-4BC3-BF60-7F99183F0526}.Debug|x64.Build.0 = Debug|Any CPU
		{A79D80B2-676A-4BC3-BF60-7F99183F0526}.Debug|x86.ActiveCfg = Debug|Any CPU
		{A79D80B2-676A-4BC3-BF60-7F99183F0526}.Debug|x86.Build.0 = Debug|Any CPU
		{A79D80B2-676A-4BC3-BF60-7F99183F0526}.Release|Any CPU.ActiveCfg = Release|Any CPU
		{A79D80B2-676A-4BC3-BF60-7F99183F0526}.Release|Any CPU.Build.0 = Release|Any CPU
		{A79D80B2-676A-4BC3-BF60-7F99183F0526}.Release|x64.ActiveCfg = Release|Any CPU
		{A79D80B2-676A-4BC3-BF60-7F99183F0526}.Release|x64.Build.0 = Release|Any CPU
		{A79D80B2-676A-4BC3-BF60-7F99183F0526}.Release|x86.ActiveCfg = Release|Any CPU
		{A79D80B2-676A-4BC3-BF60-7F99183F0526}.Release|x86.Build.0 = Release|Any CPU
		{BB171AE0-A9CE-47BE-9C97-E0742C208334}.Debug|Any CPU.ActiveCfg = Debug|Any CPU
		{BB171AE0-A9CE-47BE-9C97-E0742C208334}.Debug|Any CPU.Build.0 = Debug|Any CPU
		{BB171AE0-A9CE-47BE-9C97-E0742C208334}.Debug|x64.ActiveCfg = Debug|Any CPU
		{BB171AE0-A9CE-47BE-9C97-E0742C208334}.Debug|x64.Build.0 = Debug|Any CPU
		{BB171AE0-A9CE-47BE-9C97-E0742C208334}.Debug|x86.ActiveCfg = Debug|Any CPU
		{BB171AE0-A9CE-47BE-9C97-E0742C208334}.Debug|x86.Build.0 = Debug|Any CPU
		{BB171AE0-A9CE-47BE-9C97-E0742C208334}.Release|Any CPU.ActiveCfg = Release|Any CPU
		{BB171AE0-A9CE-47BE-9C97-E0742C208334}.Release|Any CPU.Build.0 = Release|Any CPU
		{BB171AE0-A9CE-47BE-9C97-E0742C208334}.Release|x64.ActiveCfg = Release|Any CPU
		{BB171AE0-A9CE-47BE-9C97-E0742C208334}.Release|x64.Build.0 = Release|Any CPU
		{BB171AE0-A9CE-47BE-9C97-E0742C208334}.Release|x86.ActiveCfg = Release|Any CPU
		{BB171AE0-A9CE-47BE-9C97-E0742C208334}.Release|x86.Build.0 = Release|Any CPU
		{D72D92D3-5E10-49C0-A7CF-94BAF2781EBF}.Debug|Any CPU.ActiveCfg = Debug|Any CPU
		{D72D92D3-5E10-49C0-A7CF-94BAF2781EBF}.Debug|Any CPU.Build.0 = Debug|Any CPU
		{D72D92D3-5E10-49C0-A7CF-94BAF2781EBF}.Debug|x64.ActiveCfg = Debug|Any CPU
		{D72D92D3-5E10-49C0-A7CF-94BAF2781EBF}.Debug|x64.Build.0 = Debug|Any CPU
		{D72D92D3-5E10-49C0-A7CF-94BAF2781EBF}.Debug|x86.ActiveCfg = Debug|Any CPU
		{D72D92D3-5E10-49C0-A7CF-94BAF2781EBF}.Debug|x86.Build.0 = Debug|Any CPU
		{D72D92D3-5E10-49C0-A7CF-94BAF2781EBF}.Release|Any CPU.ActiveCfg = Release|Any CPU
		{D72D92D3-5E10-49C0-A7CF-94BAF2781EBF}.Release|Any CPU.Build.0 = Release|Any CPU
		{D72D92D3-5E10-49C0-A7CF-94BAF2781EBF}.Release|x64.ActiveCfg = Release|Any CPU
		{D72D92D3-5E10-49C0-A7CF-94BAF2781EBF}.Release|x64.Build.0 = Release|Any CPU
		{D72D92D3-5E10-49C0-A7CF-94BAF2781EBF}.Release|x86.ActiveCfg = Release|Any CPU
		{D72D92D3-5E10-49C0-A7CF-94BAF2781EBF}.Release|x86.Build.0 = Release|Any CPU
		{083B9CD1-1333-4878-B34D-43730CB13110}.Debug|Any CPU.ActiveCfg = Debug|Any CPU
		{083B9CD1-1333-4878-B34D-43730CB13110}.Debug|Any CPU.Build.0 = Debug|Any CPU
		{083B9CD1-1333-4878-B34D-43730CB13110}.Debug|x64.ActiveCfg = Debug|Any CPU
		{083B9CD1-1333-4878-B34D-43730CB13110}.Debug|x64.Build.0 = Debug|Any CPU
		{083B9CD1-1333-4878-B34D-43730CB13110}.Debug|x86.ActiveCfg = Debug|Any CPU
		{083B9CD1-1333-4878-B34D-43730CB13110}.Debug|x86.Build.0 = Debug|Any CPU
		{083B9CD1-1333-4878-B34D-43730CB13110}.Release|Any CPU.ActiveCfg = Release|Any CPU
		{083B9CD1-1333-4878-B34D-43730CB13110}.Release|Any CPU.Build.0 = Release|Any CPU
		{083B9CD1-1333-4878-B34D-43730CB13110}.Release|x64.ActiveCfg = Release|Any CPU
		{083B9CD1-1333-4878-B34D-43730CB13110}.Release|x64.Build.0 = Release|Any CPU
		{083B9CD1-1333-4878-B34D-43730CB13110}.Release|x86.ActiveCfg = Release|Any CPU
		{083B9CD1-1333-4878-B34D-43730CB13110}.Release|x86.Build.0 = Release|Any CPU
		{32417FC2-2E08-47D7-B4E8-C7CAB987218E}.Debug|Any CPU.ActiveCfg = Debug|Any CPU
		{32417FC2-2E08-47D7-B4E8-C7CAB987218E}.Debug|Any CPU.Build.0 = Debug|Any CPU
		{32417FC2-2E08-47D7-B4E8-C7CAB987218E}.Debug|x64.ActiveCfg = Debug|Any CPU
		{32417FC2-2E08-47D7-B4E8-C7CAB987218E}.Debug|x64.Build.0 = Debug|Any CPU
		{32417FC2-2E08-47D7-B4E8-C7CAB987218E}.Debug|x86.ActiveCfg = Debug|Any CPU
		{32417FC2-2E08-47D7-B4E8-C7CAB987218E}.Debug|x86.Build.0 = Debug|Any CPU
		{32417FC2-2E08-47D7-B4E8-C7CAB987218E}.Release|Any CPU.ActiveCfg = Release|Any CPU
		{32417FC2-2E08-47D7-B4E8-C7CAB987218E}.Release|Any CPU.Build.0 = Release|Any CPU
		{32417FC2-2E08-47D7-B4E8-C7CAB987218E}.Release|x64.ActiveCfg = Release|Any CPU
		{32417FC2-2E08-47D7-B4E8-C7CAB987218E}.Release|x64.Build.0 = Release|Any CPU
		{32417FC2-2E08-47D7-B4E8-C7CAB987218E}.Release|x86.ActiveCfg = Release|Any CPU
		{32417FC2-2E08-47D7-B4E8-C7CAB987218E}.Release|x86.Build.0 = Release|Any CPU
		{AB6730DF-1AF1-4F1F-8CF2-490136637973}.Debug|Any CPU.ActiveCfg = Debug|Any CPU
		{AB6730DF-1AF1-4F1F-8CF2-490136637973}.Debug|Any CPU.Build.0 = Debug|Any CPU
		{AB6730DF-1AF1-4F1F-8CF2-490136637973}.Debug|x64.ActiveCfg = Debug|Any CPU
		{AB6730DF-1AF1-4F1F-8CF2-490136637973}.Debug|x64.Build.0 = Debug|Any CPU
		{AB6730DF-1AF1-4F1F-8CF2-490136637973}.Debug|x86.ActiveCfg = Debug|Any CPU
		{AB6730DF-1AF1-4F1F-8CF2-490136637973}.Debug|x86.Build.0 = Debug|Any CPU
		{AB6730DF-1AF1-4F1F-8CF2-490136637973}.Release|Any CPU.ActiveCfg = Release|Any CPU
		{AB6730DF-1AF1-4F1F-8CF2-490136637973}.Release|Any CPU.Build.0 = Release|Any CPU
		{AB6730DF-1AF1-4F1F-8CF2-490136637973}.Release|x64.ActiveCfg = Release|Any CPU
		{AB6730DF-1AF1-4F1F-8CF2-490136637973}.Release|x64.Build.0 = Release|Any CPU
		{AB6730DF-1AF1-4F1F-8CF2-490136637973}.Release|x86.ActiveCfg = Release|Any CPU
		{AB6730DF-1AF1-4F1F-8CF2-490136637973}.Release|x86.Build.0 = Release|Any CPU
		{6A41CD32-5353-4BE2-8927-C57C19A8CA8D}.Debug|Any CPU.ActiveCfg = Debug|Any CPU
		{6A41CD32-5353-4BE2-8927-C57C19A8CA8D}.Debug|Any CPU.Build.0 = Debug|Any CPU
		{6A41CD32-5353-4BE2-8927-C57C19A8CA8D}.Debug|x64.ActiveCfg = Debug|Any CPU
		{6A41CD32-5353-4BE2-8927-C57C19A8CA8D}.Debug|x64.Build.0 = Debug|Any CPU
		{6A41CD32-5353-4BE2-8927-C57C19A8CA8D}.Debug|x86.ActiveCfg = Debug|Any CPU
		{6A41CD32-5353-4BE2-8927-C57C19A8CA8D}.Debug|x86.Build.0 = Debug|Any CPU
		{6A41CD32-5353-4BE2-8927-C57C19A8CA8D}.Release|Any CPU.ActiveCfg = Release|Any CPU
		{6A41CD32-5353-4BE2-8927-C57C19A8CA8D}.Release|Any CPU.Build.0 = Release|Any CPU
		{6A41CD32-5353-4BE2-8927-C57C19A8CA8D}.Release|x64.ActiveCfg = Release|Any CPU
		{6A41CD32-5353-4BE2-8927-C57C19A8CA8D}.Release|x64.Build.0 = Release|Any CPU
		{6A41CD32-5353-4BE2-8927-C57C19A8CA8D}.Release|x86.ActiveCfg = Release|Any CPU
		{6A41CD32-5353-4BE2-8927-C57C19A8CA8D}.Release|x86.Build.0 = Release|Any CPU
		{C2851F8C-2B72-492C-8F91-ED2AAF01C6B4}.Debug|Any CPU.ActiveCfg = Debug|Any CPU
		{C2851F8C-2B72-492C-8F91-ED2AAF01C6B4}.Debug|Any CPU.Build.0 = Debug|Any CPU
		{C2851F8C-2B72-492C-8F91-ED2AAF01C6B4}.Debug|x64.ActiveCfg = Debug|Any CPU
		{C2851F8C-2B72-492C-8F91-ED2AAF01C6B4}.Debug|x64.Build.0 = Debug|Any CPU
		{C2851F8C-2B72-492C-8F91-ED2AAF01C6B4}.Debug|x86.ActiveCfg = Debug|Any CPU
		{C2851F8C-2B72-492C-8F91-ED2AAF01C6B4}.Debug|x86.Build.0 = Debug|Any CPU
		{C2851F8C-2B72-492C-8F91-ED2AAF01C6B4}.Release|Any CPU.ActiveCfg = Release|Any CPU
		{C2851F8C-2B72-492C-8F91-ED2AAF01C6B4}.Release|Any CPU.Build.0 = Release|Any CPU
		{C2851F8C-2B72-492C-8F91-ED2AAF01C6B4}.Release|x64.ActiveCfg = Release|Any CPU
		{C2851F8C-2B72-492C-8F91-ED2AAF01C6B4}.Release|x64.Build.0 = Release|Any CPU
		{C2851F8C-2B72-492C-8F91-ED2AAF01C6B4}.Release|x86.ActiveCfg = Release|Any CPU
		{C2851F8C-2B72-492C-8F91-ED2AAF01C6B4}.Release|x86.Build.0 = Release|Any CPU
		{5F5626A1-5190-4E08-A742-CE45E007E958}.Debug|Any CPU.ActiveCfg = Debug|Any CPU
		{5F5626A1-5190-4E08-A742-CE45E007E958}.Debug|Any CPU.Build.0 = Debug|Any CPU
		{5F5626A1-5190-4E08-A742-CE45E007E958}.Debug|x64.ActiveCfg = Debug|Any CPU
		{5F5626A1-5190-4E08-A742-CE45E007E958}.Debug|x64.Build.0 = Debug|Any CPU
		{5F5626A1-5190-4E08-A742-CE45E007E958}.Debug|x86.ActiveCfg = Debug|Any CPU
		{5F5626A1-5190-4E08-A742-CE45E007E958}.Debug|x86.Build.0 = Debug|Any CPU
		{5F5626A1-5190-4E08-A742-CE45E007E958}.Release|Any CPU.ActiveCfg = Release|Any CPU
		{5F5626A1-5190-4E08-A742-CE45E007E958}.Release|Any CPU.Build.0 = Release|Any CPU
		{5F5626A1-5190-4E08-A742-CE45E007E958}.Release|x64.ActiveCfg = Release|Any CPU
		{5F5626A1-5190-4E08-A742-CE45E007E958}.Release|x64.Build.0 = Release|Any CPU
		{5F5626A1-5190-4E08-A742-CE45E007E958}.Release|x86.ActiveCfg = Release|Any CPU
		{5F5626A1-5190-4E08-A742-CE45E007E958}.Release|x86.Build.0 = Release|Any CPU
		{52D72293-88E5-4199-9ADF-5882B254D8A5}.Debug|Any CPU.ActiveCfg = Debug|Any CPU
		{52D72293-88E5-4199-9ADF-5882B254D8A5}.Debug|Any CPU.Build.0 = Debug|Any CPU
		{52D72293-88E5-4199-9ADF-5882B254D8A5}.Debug|x64.ActiveCfg = Debug|Any CPU
		{52D72293-88E5-4199-9ADF-5882B254D8A5}.Debug|x64.Build.0 = Debug|Any CPU
		{52D72293-88E5-4199-9ADF-5882B254D8A5}.Debug|x86.ActiveCfg = Debug|Any CPU
		{52D72293-88E5-4199-9ADF-5882B254D8A5}.Debug|x86.Build.0 = Debug|Any CPU
		{52D72293-88E5-4199-9ADF-5882B254D8A5}.Release|Any CPU.ActiveCfg = Release|Any CPU
		{52D72293-88E5-4199-9ADF-5882B254D8A5}.Release|Any CPU.Build.0 = Release|Any CPU
		{52D72293-88E5-4199-9ADF-5882B254D8A5}.Release|x64.ActiveCfg = Release|Any CPU
		{52D72293-88E5-4199-9ADF-5882B254D8A5}.Release|x64.Build.0 = Release|Any CPU
		{52D72293-88E5-4199-9ADF-5882B254D8A5}.Release|x86.ActiveCfg = Release|Any CPU
		{52D72293-88E5-4199-9ADF-5882B254D8A5}.Release|x86.Build.0 = Release|Any CPU
		{1C685D2F-A9F9-47B5-A50E-8A0AAD490E88}.Debug|Any CPU.ActiveCfg = Debug|Any CPU
		{1C685D2F-A9F9-47B5-A50E-8A0AAD490E88}.Debug|Any CPU.Build.0 = Debug|Any CPU
		{1C685D2F-A9F9-47B5-A50E-8A0AAD490E88}.Debug|x64.ActiveCfg = Debug|Any CPU
		{1C685D2F-A9F9-47B5-A50E-8A0AAD490E88}.Debug|x64.Build.0 = Debug|Any CPU
		{1C685D2F-A9F9-47B5-A50E-8A0AAD490E88}.Debug|x86.ActiveCfg = Debug|Any CPU
		{1C685D2F-A9F9-47B5-A50E-8A0AAD490E88}.Debug|x86.Build.0 = Debug|Any CPU
		{1C685D2F-A9F9-47B5-A50E-8A0AAD490E88}.Release|Any CPU.ActiveCfg = Release|Any CPU
		{1C685D2F-A9F9-47B5-A50E-8A0AAD490E88}.Release|Any CPU.Build.0 = Release|Any CPU
		{1C685D2F-A9F9-47B5-A50E-8A0AAD490E88}.Release|x64.ActiveCfg = Release|Any CPU
		{1C685D2F-A9F9-47B5-A50E-8A0AAD490E88}.Release|x64.Build.0 = Release|Any CPU
		{1C685D2F-A9F9-47B5-A50E-8A0AAD490E88}.Release|x86.ActiveCfg = Release|Any CPU
		{1C685D2F-A9F9-47B5-A50E-8A0AAD490E88}.Release|x86.Build.0 = Release|Any CPU
		{99DAAB86-6C27-F041-8DA3-09B014719B21}.Debug|Any CPU.ActiveCfg = Debug|Any CPU
		{99DAAB86-6C27-F041-8DA3-09B014719B21}.Debug|Any CPU.Build.0 = Debug|Any CPU
		{99DAAB86-6C27-F041-8DA3-09B014719B21}.Debug|x64.ActiveCfg = Debug|Any CPU
		{99DAAB86-6C27-F041-8DA3-09B014719B21}.Debug|x64.Build.0 = Debug|Any CPU
		{99DAAB86-6C27-F041-8DA3-09B014719B21}.Debug|x86.ActiveCfg = Debug|Any CPU
		{99DAAB86-6C27-F041-8DA3-09B014719B21}.Debug|x86.Build.0 = Debug|Any CPU
		{99DAAB86-6C27-F041-8DA3-09B014719B21}.Release|Any CPU.ActiveCfg = Release|Any CPU
		{99DAAB86-6C27-F041-8DA3-09B014719B21}.Release|Any CPU.Build.0 = Release|Any CPU
		{99DAAB86-6C27-F041-8DA3-09B014719B21}.Release|x64.ActiveCfg = Release|Any CPU
		{99DAAB86-6C27-F041-8DA3-09B014719B21}.Release|x64.Build.0 = Release|Any CPU
		{99DAAB86-6C27-F041-8DA3-09B014719B21}.Release|x86.ActiveCfg = Release|Any CPU
		{99DAAB86-6C27-F041-8DA3-09B014719B21}.Release|x86.Build.0 = Release|Any CPU
		{61CBEC16-D84E-C9E5-A107-64D27B92ED13}.Debug|Any CPU.ActiveCfg = Debug|Any CPU
		{61CBEC16-D84E-C9E5-A107-64D27B92ED13}.Debug|Any CPU.Build.0 = Debug|Any CPU
		{61CBEC16-D84E-C9E5-A107-64D27B92ED13}.Debug|x64.ActiveCfg = Debug|Any CPU
		{61CBEC16-D84E-C9E5-A107-64D27B92ED13}.Debug|x64.Build.0 = Debug|Any CPU
		{61CBEC16-D84E-C9E5-A107-64D27B92ED13}.Debug|x86.ActiveCfg = Debug|Any CPU
		{61CBEC16-D84E-C9E5-A107-64D27B92ED13}.Debug|x86.Build.0 = Debug|Any CPU
		{61CBEC16-D84E-C9E5-A107-64D27B92ED13}.Release|Any CPU.ActiveCfg = Release|Any CPU
		{61CBEC16-D84E-C9E5-A107-64D27B92ED13}.Release|Any CPU.Build.0 = Release|Any CPU
		{61CBEC16-D84E-C9E5-A107-64D27B92ED13}.Release|x64.ActiveCfg = Release|Any CPU
		{61CBEC16-D84E-C9E5-A107-64D27B92ED13}.Release|x64.Build.0 = Release|Any CPU
		{61CBEC16-D84E-C9E5-A107-64D27B92ED13}.Release|x86.ActiveCfg = Release|Any CPU
		{61CBEC16-D84E-C9E5-A107-64D27B92ED13}.Release|x86.Build.0 = Release|Any CPU
	EndGlobalSection
	GlobalSection(SolutionProperties) = preSolution
		HideSolutionNode = FALSE
	EndGlobalSection
	GlobalSection(NestedProjects) = preSolution
		{C5ABEBE5-4D40-7406-1F54-80DBA98EB023} = {8A0BDBC9-5330-4B4A-9B20-3E9441DB4F2D}
		{083B9CD1-1333-4878-B34D-43730CB13110} = {51C10D3E-1C4D-4F47-813D-B42516D3ACE4}
		{32417FC2-2E08-47D7-B4E8-C7CAB987218E} = {8A0BDBC9-5330-4B4A-9B20-3E9441DB4F2D}
		{C2851F8C-2B72-492C-8F91-ED2AAF01C6B4} = {51C10D3E-1C4D-4F47-813D-B42516D3ACE4}
		{5F5626A1-5190-4E08-A742-CE45E007E958} = {8A0BDBC9-5330-4B4A-9B20-3E9441DB4F2D}
		{1C685D2F-A9F9-47B5-A50E-8A0AAD490E88} = {8A0BDBC9-5330-4B4A-9B20-3E9441DB4F2D}
		{99DAAB86-6C27-F041-8DA3-09B014719B21} = {51C10D3E-1C4D-4F47-813D-B42516D3ACE4}
		{61CBEC16-D84E-C9E5-A107-64D27B92ED13} = {51C10D3E-1C4D-4F47-813D-B42516D3ACE4}
	EndGlobalSection
	GlobalSection(ExtensibilityGlobals) = postSolution
		SolutionGuid = {AF871147-C977-4374-AE0F-1293DCB9F930}
	EndGlobalSection
EndGlobal
